// !$*UTF8*$!
{
	archiveVersion = 1;
	classes = {
	};
	objectVersion = 55;
	objects = {

/* Begin PBXBuildFile section */
		7C05DC17280B7FE2005E02B6 /* HubbleApp.swift in Sources */ = {isa = PBXBuildFile; fileRef = 7C05DC16280B7FE2005E02B6 /* HubbleApp.swift */; };
		7C05DC19280B7FE2005E02B6 /* ContentView.swift in Sources */ = {isa = PBXBuildFile; fileRef = 7C05DC18280B7FE2005E02B6 /* ContentView.swift */; };
		7C05DC1B280B7FE8005E02B6 /* Assets.xcassets in Resources */ = {isa = PBXBuildFile; fileRef = 7C05DC1A280B7FE8005E02B6 /* Assets.xcassets */; };
		7C05DC1E280B7FE8005E02B6 /* Preview Assets.xcassets in Resources */ = {isa = PBXBuildFile; fileRef = 7C05DC1D280B7FE8005E02B6 /* Preview Assets.xcassets */; };
		7C05DC28280B7FE8005E02B6 /* HubbleTests.swift in Sources */ = {isa = PBXBuildFile; fileRef = 7C05DC27280B7FE8005E02B6 /* HubbleTests.swift */; };
		7C05DC32280B7FE8005E02B6 /* HubbleUITests.swift in Sources */ = {isa = PBXBuildFile; fileRef = 7C05DC31280B7FE8005E02B6 /* HubbleUITests.swift */; };
		7C05DC34280B7FE8005E02B6 /* HubbleUITestsLaunchTests.swift in Sources */ = {isa = PBXBuildFile; fileRef = 7C05DC33280B7FE8005E02B6 /* HubbleUITestsLaunchTests.swift */; };
/* End PBXBuildFile section */

/* Begin PBXContainerItemProxy section */
		7C05DC24280B7FE8005E02B6 /* PBXContainerItemProxy */ = {
			isa = PBXContainerItemProxy;
			containerPortal = 7C05DC0B280B7FE2005E02B6 /* Project object */;
			proxyType = 1;
			remoteGlobalIDString = 7C05DC12280B7FE2005E02B6;
			remoteInfo = Hubble;
		};
		7C05DC2E280B7FE8005E02B6 /* PBXContainerItemProxy */ = {
			isa = PBXContainerItemProxy;
			containerPortal = 7C05DC0B280B7FE2005E02B6 /* Project object */;
			proxyType = 1;
			remoteGlobalIDString = 7C05DC12280B7FE2005E02B6;
			remoteInfo = Hubble;
		};
/* End PBXContainerItemProxy section */

/* Begin PBXFileReference section */
		7C05DC13280B7FE2005E02B6 /* Hubble.app */ = {isa = PBXFileReference; explicitFileType = wrapper.application; includeInIndex = 0; path = Hubble.app; sourceTree = BUILT_PRODUCTS_DIR; };
		7C05DC16280B7FE2005E02B6 /* HubbleApp.swift */ = {isa = PBXFileReference; lastKnownFileType = sourcecode.swift; path = HubbleApp.swift; sourceTree = "<group>"; };
		7C05DC18280B7FE2005E02B6 /* ContentView.swift */ = {isa = PBXFileReference; lastKnownFileType = sourcecode.swift; path = ContentView.swift; sourceTree = "<group>"; };
		7C05DC1A280B7FE8005E02B6 /* Assets.xcassets */ = {isa = PBXFileReference; lastKnownFileType = folder.assetcatalog; path = Assets.xcassets; sourceTree = "<group>"; };
		7C05DC1D280B7FE8005E02B6 /* Preview Assets.xcassets */ = {isa = PBXFileReference; lastKnownFileType = folder.assetcatalog; path = "Preview Assets.xcassets"; sourceTree = "<group>"; };
		7C05DC23280B7FE8005E02B6 /* HubbleTests.xctest */ = {isa = PBXFileReference; explicitFileType = wrapper.cfbundle; includeInIndex = 0; path = HubbleTests.xctest; sourceTree = BUILT_PRODUCTS_DIR; };
		7C05DC27280B7FE8005E02B6 /* HubbleTests.swift */ = {isa = PBXFileReference; lastKnownFileType = sourcecode.swift; path = HubbleTests.swift; sourceTree = "<group>"; };
		7C05DC2D280B7FE8005E02B6 /* HubbleUITests.xctest */ = {isa = PBXFileReference; explicitFileType = wrapper.cfbundle; includeInIndex = 0; path = HubbleUITests.xctest; sourceTree = BUILT_PRODUCTS_DIR; };
		7C05DC31280B7FE8005E02B6 /* HubbleUITests.swift */ = {isa = PBXFileReference; lastKnownFileType = sourcecode.swift; path = HubbleUITests.swift; sourceTree = "<group>"; };
		7C05DC33280B7FE8005E02B6 /* HubbleUITestsLaunchTests.swift */ = {isa = PBXFileReference; lastKnownFileType = sourcecode.swift; path = HubbleUITestsLaunchTests.swift; sourceTree = "<group>"; };
/* End PBXFileReference section */

/* Begin PBXFrameworksBuildPhase section */
		7C05DC10280B7FE2005E02B6 /* Frameworks */ = {
			isa = PBXFrameworksBuildPhase;
			buildActionMask = 2147483647;
			files = (
			);
			runOnlyForDeploymentPostprocessing = 0;
		};
		7C05DC20280B7FE8005E02B6 /* Frameworks */ = {
			isa = PBXFrameworksBuildPhase;
			buildActionMask = 2147483647;
			files = (
			);
			runOnlyForDeploymentPostprocessing = 0;
		};
		7C05DC2A280B7FE8005E02B6 /* Frameworks */ = {
			isa = PBXFrameworksBuildPhase;
			buildActionMask = 2147483647;
			files = (
			);
			runOnlyForDeploymentPostprocessing = 0;
		};
/* End PBXFrameworksBuildPhase section */

/* Begin PBXGroup section */
		7C05DC0A280B7FE2005E02B6 = {
			isa = PBXGroup;
			children = (
				7C05DC15280B7FE2005E02B6 /* Hubble */,
				7C05DC26280B7FE8005E02B6 /* HubbleTests */,
				7C05DC30280B7FE8005E02B6 /* HubbleUITests */,
				7C05DC14280B7FE2005E02B6 /* Products */,
			);
			sourceTree = "<group>";
		};
		7C05DC14280B7FE2005E02B6 /* Products */ = {
			isa = PBXGroup;
			children = (
				7C05DC13280B7FE2005E02B6 /* Hubble.app */,
				7C05DC23280B7FE8005E02B6 /* HubbleTests.xctest */,
				7C05DC2D280B7FE8005E02B6 /* HubbleUITests.xctest */,
			);
			name = Products;
			sourceTree = "<group>";
		};
		7C05DC15280B7FE2005E02B6 /* Hubble */ = {
			isa = PBXGroup;
			children = (
				7C05DC16280B7FE2005E02B6 /* HubbleApp.swift */,
				7C05DC18280B7FE2005E02B6 /* ContentView.swift */,
				7C05DC1A280B7FE8005E02B6 /* Assets.xcassets */,
				7C05DC1C280B7FE8005E02B6 /* Preview Content */,
			);
			path = Hubble;
			sourceTree = "<group>";
		};
		7C05DC1C280B7FE8005E02B6 /* Preview Content */ = {
			isa = PBXGroup;
			children = (
				7C05DC1D280B7FE8005E02B6 /* Preview Assets.xcassets */,
			);
			path = "Preview Content";
			sourceTree = "<group>";
		};
		7C05DC26280B7FE8005E02B6 /* HubbleTests */ = {
			isa = PBXGroup;
			children = (
				7C05DC27280B7FE8005E02B6 /* HubbleTests.swift */,
			);
			path = HubbleTests;
			sourceTree = "<group>";
		};
		7C05DC30280B7FE8005E02B6 /* HubbleUITests */ = {
			isa = PBXGroup;
			children = (
				7C05DC31280B7FE8005E02B6 /* HubbleUITests.swift */,
				7C05DC33280B7FE8005E02B6 /* HubbleUITestsLaunchTests.swift */,
			);
			path = HubbleUITests;
			sourceTree = "<group>";
		};
/* End PBXGroup section */

/* Begin PBXNativeTarget section */
		7C05DC12280B7FE2005E02B6 /* Hubble */ = {
			isa = PBXNativeTarget;
			buildConfigurationList = 7C05DC37280B7FE8005E02B6 /* Build configuration list for PBXNativeTarget "Hubble" */;
			buildPhases = (
				7C05DC0F280B7FE2005E02B6 /* Sources */,
				7C05DC10280B7FE2005E02B6 /* Frameworks */,
				7C05DC11280B7FE2005E02B6 /* Resources */,
			);
			buildRules = (
			);
			dependencies = (
			);
			name = Hubble;
			productName = Hubble;
			productReference = 7C05DC13280B7FE2005E02B6 /* Hubble.app */;
			productType = "com.apple.product-type.application";
		};
		7C05DC22280B7FE8005E02B6 /* HubbleTests */ = {
			isa = PBXNativeTarget;
			buildConfigurationList = 7C05DC3A280B7FE8005E02B6 /* Build configuration list for PBXNativeTarget "HubbleTests" */;
			buildPhases = (
				7C05DC1F280B7FE8005E02B6 /* Sources */,
				7C05DC20280B7FE8005E02B6 /* Frameworks */,
				7C05DC21280B7FE8005E02B6 /* Resources */,
			);
			buildRules = (
			);
			dependencies = (
				7C05DC25280B7FE8005E02B6 /* PBXTargetDependency */,
			);
			name = HubbleTests;
			productName = HubbleTests;
			productReference = 7C05DC23280B7FE8005E02B6 /* HubbleTests.xctest */;
			productType = "com.apple.product-type.bundle.unit-test";
		};
		7C05DC2C280B7FE8005E02B6 /* HubbleUITests */ = {
			isa = PBXNativeTarget;
			buildConfigurationList = 7C05DC3D280B7FE8005E02B6 /* Build configuration list for PBXNativeTarget "HubbleUITests" */;
			buildPhases = (
				7C05DC29280B7FE8005E02B6 /* Sources */,
				7C05DC2A280B7FE8005E02B6 /* Frameworks */,
				7C05DC2B280B7FE8005E02B6 /* Resources */,
			);
			buildRules = (
			);
			dependencies = (
				7C05DC2F280B7FE8005E02B6 /* PBXTargetDependency */,
			);
			name = HubbleUITests;
			productName = HubbleUITests;
			productReference = 7C05DC2D280B7FE8005E02B6 /* HubbleUITests.xctest */;
			productType = "com.apple.product-type.bundle.ui-testing";
		};
/* End PBXNativeTarget section */

/* Begin PBXProject section */
		7C05DC0B280B7FE2005E02B6 /* Project object */ = {
			isa = PBXProject;
			attributes = {
				BuildIndependentTargetsInParallel = 1;
				LastSwiftUpdateCheck = 1330;
				LastUpgradeCheck = 1330;
				TargetAttributes = {
					7C05DC12280B7FE2005E02B6 = {
						CreatedOnToolsVersion = 13.3;
					};
					7C05DC22280B7FE8005E02B6 = {
						CreatedOnToolsVersion = 13.3;
						TestTargetID = 7C05DC12280B7FE2005E02B6;
					};
					7C05DC2C280B7FE8005E02B6 = {
						CreatedOnToolsVersion = 13.3;
						TestTargetID = 7C05DC12280B7FE2005E02B6;
					};
				};
			};
			buildConfigurationList = 7C05DC0E280B7FE2005E02B6 /* Build configuration list for PBXProject "Hubble" */;
			compatibilityVersion = "Xcode 13.0";
			developmentRegion = en;
			hasScannedForEncodings = 0;
			knownRegions = (
				en,
				Base,
			);
			mainGroup = 7C05DC0A280B7FE2005E02B6;
			productRefGroup = 7C05DC14280B7FE2005E02B6 /* Products */;
			projectDirPath = "";
			projectRoot = "";
			targets = (
				7C05DC12280B7FE2005E02B6 /* Hubble */,
				7C05DC22280B7FE8005E02B6 /* HubbleTests */,
				7C05DC2C280B7FE8005E02B6 /* HubbleUITests */,
			);
		};
/* End PBXProject section */

/* Begin PBXResourcesBuildPhase section */
		7C05DC11280B7FE2005E02B6 /* Resources */ = {
			isa = PBXResourcesBuildPhase;
			buildActionMask = 2147483647;
			files = (
				7C05DC1E280B7FE8005E02B6 /* Preview Assets.xcassets in Resources */,
				7C05DC1B280B7FE8005E02B6 /* Assets.xcassets in Resources */,
			);
			runOnlyForDeploymentPostprocessing = 0;
		};
		7C05DC21280B7FE8005E02B6 /* Resources */ = {
			isa = PBXResourcesBuildPhase;
			buildActionMask = 2147483647;
			files = (
			);
			runOnlyForDeploymentPostprocessing = 0;
		};
		7C05DC2B280B7FE8005E02B6 /* Resources */ = {
			isa = PBXResourcesBuildPhase;
			buildActionMask = 2147483647;
			files = (
			);
			runOnlyForDeploymentPostprocessing = 0;
		};
/* End PBXResourcesBuildPhase section */

/* Begin PBXSourcesBuildPhase section */
		7C05DC0F280B7FE2005E02B6 /* Sources */ = {
			isa = PBXSourcesBuildPhase;
			buildActionMask = 2147483647;
			files = (
				7C05DC19280B7FE2005E02B6 /* ContentView.swift in Sources */,
				7C05DC17280B7FE2005E02B6 /* HubbleApp.swift in Sources */,
			);
			runOnlyForDeploymentPostprocessing = 0;
		};
		7C05DC1F280B7FE8005E02B6 /* Sources */ = {
			isa = PBXSourcesBuildPhase;
			buildActionMask = 2147483647;
			files = (
				7C05DC28280B7FE8005E02B6 /* HubbleTests.swift in Sources */,
			);
			runOnlyForDeploymentPostprocessing = 0;
		};
		7C05DC29280B7FE8005E02B6 /* Sources */ = {
			isa = PBXSourcesBuildPhase;
			buildActionMask = 2147483647;
			files = (
				7C05DC34280B7FE8005E02B6 /* HubbleUITestsLaunchTests.swift in Sources */,
				7C05DC32280B7FE8005E02B6 /* HubbleUITests.swift in Sources */,
			);
			runOnlyForDeploymentPostprocessing = 0;
		};
/* End PBXSourcesBuildPhase section */

/* Begin PBXTargetDependency section */
		7C05DC25280B7FE8005E02B6 /* PBXTargetDependency */ = {
			isa = PBXTargetDependency;
			target = 7C05DC12280B7FE2005E02B6 /* Hubble */;
			targetProxy = 7C05DC24280B7FE8005E02B6 /* PBXContainerItemProxy */;
		};
		7C05DC2F280B7FE8005E02B6 /* PBXTargetDependency */ = {
			isa = PBXTargetDependency;
			target = 7C05DC12280B7FE2005E02B6 /* Hubble */;
			targetProxy = 7C05DC2E280B7FE8005E02B6 /* PBXContainerItemProxy */;
		};
/* End PBXTargetDependency section */

/* Begin XCBuildConfiguration section */
		7C05DC35280B7FE8005E02B6 /* Debug */ = {
			isa = XCBuildConfiguration;
			buildSettings = {
				ALWAYS_SEARCH_USER_PATHS = NO;
				CLANG_ANALYZER_NONNULL = YES;
				CLANG_ANALYZER_NUMBER_OBJECT_CONVERSION = YES_AGGRESSIVE;
				CLANG_CXX_LANGUAGE_STANDARD = "gnu++17";
				CLANG_ENABLE_MODULES = YES;
				CLANG_ENABLE_OBJC_ARC = YES;
				CLANG_ENABLE_OBJC_WEAK = YES;
				CLANG_WARN_BLOCK_CAPTURE_AUTORELEASING = YES;
				CLANG_WARN_BOOL_CONVERSION = YES;
				CLANG_WARN_COMMA = YES;
				CLANG_WARN_CONSTANT_CONVERSION = YES;
				CLANG_WARN_DEPRECATED_OBJC_IMPLEMENTATIONS = YES;
				CLANG_WARN_DIRECT_OBJC_ISA_USAGE = YES_ERROR;
				CLANG_WARN_DOCUMENTATION_COMMENTS = YES;
				CLANG_WARN_EMPTY_BODY = YES;
				CLANG_WARN_ENUM_CONVERSION = YES;
				CLANG_WARN_INFINITE_RECURSION = YES;
				CLANG_WARN_INT_CONVERSION = YES;
				CLANG_WARN_NON_LITERAL_NULL_CONVERSION = YES;
				CLANG_WARN_OBJC_IMPLICIT_RETAIN_SELF = YES;
				CLANG_WARN_OBJC_LITERAL_CONVERSION = YES;
				CLANG_WARN_OBJC_ROOT_CLASS = YES_ERROR;
				CLANG_WARN_QUOTED_INCLUDE_IN_FRAMEWORK_HEADER = YES;
				CLANG_WARN_RANGE_LOOP_ANALYSIS = YES;
				CLANG_WARN_STRICT_PROTOTYPES = YES;
				CLANG_WARN_SUSPICIOUS_MOVE = YES;
				CLANG_WARN_UNGUARDED_AVAILABILITY = YES_AGGRESSIVE;
				CLANG_WARN_UNREACHABLE_CODE = YES;
				CLANG_WARN__DUPLICATE_METHOD_MATCH = YES;
				COPY_PHASE_STRIP = NO;
				DEBUG_INFORMATION_FORMAT = dwarf;
				ENABLE_STRICT_OBJC_MSGSEND = YES;
				ENABLE_TESTABILITY = YES;
				GCC_C_LANGUAGE_STANDARD = gnu11;
				GCC_DYNAMIC_NO_PIC = NO;
				GCC_NO_COMMON_BLOCKS = YES;
				GCC_OPTIMIZATION_LEVEL = 0;
				GCC_PREPROCESSOR_DEFINITIONS = (
					"DEBUG=1",
					"$(inherited)",
				);
				GCC_WARN_64_TO_32_BIT_CONVERSION = YES;
				GCC_WARN_ABOUT_RETURN_TYPE = YES_ERROR;
				GCC_WARN_UNDECLARED_SELECTOR = YES;
				GCC_WARN_UNINITIALIZED_AUTOS = YES_AGGRESSIVE;
				GCC_WARN_UNUSED_FUNCTION = YES;
				GCC_WARN_UNUSED_VARIABLE = YES;
				IPHONEOS_DEPLOYMENT_TARGET = 15.4;
				MTL_ENABLE_DEBUG_INFO = INCLUDE_SOURCE;
				MTL_FAST_MATH = YES;
				ONLY_ACTIVE_ARCH = YES;
				SDKROOT = iphoneos;
				SWIFT_ACTIVE_COMPILATION_CONDITIONS = DEBUG;
				SWIFT_OPTIMIZATION_LEVEL = "-Onone";
			};
			name = Debug;
		};
		7C05DC36280B7FE8005E02B6 /* Release */ = {
			isa = XCBuildConfiguration;
			buildSettings = {
				ALWAYS_SEARCH_USER_PATHS = NO;
				CLANG_ANALYZER_NONNULL = YES;
				CLANG_ANALYZER_NUMBER_OBJECT_CONVERSION = YES_AGGRESSIVE;
				CLANG_CXX_LANGUAGE_STANDARD = "gnu++17";
				CLANG_ENABLE_MODULES = YES;
				CLANG_ENABLE_OBJC_ARC = YES;
				CLANG_ENABLE_OBJC_WEAK = YES;
				CLANG_WARN_BLOCK_CAPTURE_AUTORELEASING = YES;
				CLANG_WARN_BOOL_CONVERSION = YES;
				CLANG_WARN_COMMA = YES;
				CLANG_WARN_CONSTANT_CONVERSION = YES;
				CLANG_WARN_DEPRECATED_OBJC_IMPLEMENTATIONS = YES;
				CLANG_WARN_DIRECT_OBJC_ISA_USAGE = YES_ERROR;
				CLANG_WARN_DOCUMENTATION_COMMENTS = YES;
				CLANG_WARN_EMPTY_BODY = YES;
				CLANG_WARN_ENUM_CONVERSION = YES;
				CLANG_WARN_INFINITE_RECURSION = YES;
				CLANG_WARN_INT_CONVERSION = YES;
				CLANG_WARN_NON_LITERAL_NULL_CONVERSION = YES;
				CLANG_WARN_OBJC_IMPLICIT_RETAIN_SELF = YES;
				CLANG_WARN_OBJC_LITERAL_CONVERSION = YES;
				CLANG_WARN_OBJC_ROOT_CLASS = YES_ERROR;
				CLANG_WARN_QUOTED_INCLUDE_IN_FRAMEWORK_HEADER = YES;
				CLANG_WARN_RANGE_LOOP_ANALYSIS = YES;
				CLANG_WARN_STRICT_PROTOTYPES = YES;
				CLANG_WARN_SUSPICIOUS_MOVE = YES;
				CLANG_WARN_UNGUARDED_AVAILABILITY = YES_AGGRESSIVE;
				CLANG_WARN_UNREACHABLE_CODE = YES;
				CLANG_WARN__DUPLICATE_METHOD_MATCH = YES;
				COPY_PHASE_STRIP = NO;
				DEBUG_INFORMATION_FORMAT = "dwarf-with-dsym";
				ENABLE_NS_ASSERTIONS = NO;
				ENABLE_STRICT_OBJC_MSGSEND = YES;
				GCC_C_LANGUAGE_STANDARD = gnu11;
				GCC_NO_COMMON_BLOCKS = YES;
				GCC_WARN_64_TO_32_BIT_CONVERSION = YES;
				GCC_WARN_ABOUT_RETURN_TYPE = YES_ERROR;
				GCC_WARN_UNDECLARED_SELECTOR = YES;
				GCC_WARN_UNINITIALIZED_AUTOS = YES_AGGRESSIVE;
				GCC_WARN_UNUSED_FUNCTION = YES;
				GCC_WARN_UNUSED_VARIABLE = YES;
				IPHONEOS_DEPLOYMENT_TARGET = 15.4;
				MTL_ENABLE_DEBUG_INFO = NO;
				MTL_FAST_MATH = YES;
				SDKROOT = iphoneos;
				SWIFT_COMPILATION_MODE = wholemodule;
				SWIFT_OPTIMIZATION_LEVEL = "-O";
				VALIDATE_PRODUCT = YES;
			};
			name = Release;
		};
		7C05DC38280B7FE8005E02B6 /* Debug */ = {
			isa = XCBuildConfiguration;
			buildSettings = {
				ASSETCATALOG_COMPILER_APPICON_NAME = AppIcon;
				ASSETCATALOG_COMPILER_GLOBAL_ACCENT_COLOR_NAME = AccentColor;
				CODE_SIGN_STYLE = Automatic;
				CURRENT_PROJECT_VERSION = 1;
				DEVELOPMENT_ASSET_PATHS = "\"Hubble/Preview Content\"";
				DEVELOPMENT_TEAM = B453P7YJ2S;
				ENABLE_PREVIEWS = YES;
				GENERATE_INFOPLIST_FILE = YES;
				INFOPLIST_KEY_UIApplicationSceneManifest_Generation = YES;
				INFOPLIST_KEY_UIApplicationSupportsIndirectInputEvents = YES;
				INFOPLIST_KEY_UILaunchScreen_Generation = YES;
				INFOPLIST_KEY_UISupportedInterfaceOrientations_iPad = "UIInterfaceOrientationPortrait UIInterfaceOrientationPortraitUpsideDown UIInterfaceOrientationLandscapeLeft UIInterfaceOrientationLandscapeRight";
				INFOPLIST_KEY_UISupportedInterfaceOrientations_iPhone = "UIInterfaceOrientationPortrait UIInterfaceOrientationLandscapeLeft UIInterfaceOrientationLandscapeRight";
				LD_RUNPATH_SEARCH_PATHS = (
					"$(inherited)",
					"@executable_path/Frameworks",
				);
				MARKETING_VERSION = 1.0;
				PRODUCT_BUNDLE_IDENTIFIER = Locus.Hubble;
				PRODUCT_NAME = "$(TARGET_NAME)";
				SWIFT_EMIT_LOC_STRINGS = YES;
				SWIFT_VERSION = 5.0;
				TARGETED_DEVICE_FAMILY = "1,2";
			};
			name = Debug;
		};
		7C05DC39280B7FE8005E02B6 /* Release */ = {
			isa = XCBuildConfiguration;
			buildSettings = {
				ASSETCATALOG_COMPILER_APPICON_NAME = AppIcon;
				ASSETCATALOG_COMPILER_GLOBAL_ACCENT_COLOR_NAME = AccentColor;
				CODE_SIGN_STYLE = Automatic;
				CURRENT_PROJECT_VERSION = 1;
				DEVELOPMENT_ASSET_PATHS = "\"Hubble/Preview Content\"";
				DEVELOPMENT_TEAM = B453P7YJ2S;
				ENABLE_PREVIEWS = YES;
				GENERATE_INFOPLIST_FILE = YES;
				INFOPLIST_KEY_UIApplicationSceneManifest_Generation = YES;
				INFOPLIST_KEY_UIApplicationSupportsIndirectInputEvents = YES;
				INFOPLIST_KEY_UILaunchScreen_Generation = YES;
				INFOPLIST_KEY_UISupportedInterfaceOrientations_iPad = "UIInterfaceOrientationPortrait UIInterfaceOrientationPortraitUpsideDown UIInterfaceOrientationLandscapeLeft UIInterfaceOrientationLandscapeRight";
				INFOPLIST_KEY_UISupportedInterfaceOrientations_iPhone = "UIInterfaceOrientationPortrait UIInterfaceOrientationLandscapeLeft UIInterfaceOrientationLandscapeRight";
				LD_RUNPATH_SEARCH_PATHS = (
					"$(inherited)",
					"@executable_path/Frameworks",
				);
				MARKETING_VERSION = 1.0;
				PRODUCT_BUNDLE_IDENTIFIER = Locus.Hubble;
				PRODUCT_NAME = "$(TARGET_NAME)";
				SWIFT_EMIT_LOC_STRINGS = YES;
				SWIFT_VERSION = 5.0;
				TARGETED_DEVICE_FAMILY = "1,2";
			};
			name = Release;
		};
		7C05DC3B280B7FE8005E02B6 /* Debug */ = {
			isa = XCBuildConfiguration;
			buildSettings = {
				ALWAYS_EMBED_SWIFT_STANDARD_LIBRARIES = YES;
				BUNDLE_LOADER = "$(TEST_HOST)";
				CODE_SIGN_STYLE = Automatic;
				CURRENT_PROJECT_VERSION = 1;
				DEVELOPMENT_TEAM = B453P7YJ2S;
				GENERATE_INFOPLIST_FILE = YES;
				IPHONEOS_DEPLOYMENT_TARGET = 15.4;
				MARKETING_VERSION = 1.0;
				PRODUCT_BUNDLE_IDENTIFIER = Locus.HubbleTests;
				PRODUCT_NAME = "$(TARGET_NAME)";
				SWIFT_EMIT_LOC_STRINGS = NO;
				SWIFT_VERSION = 5.0;
				TARGETED_DEVICE_FAMILY = "1,2";
				TEST_HOST = "$(BUILT_PRODUCTS_DIR)/Hubble.app/Hubble";
			};
			name = Debug;
		};
		7C05DC3C280B7FE8005E02B6 /* Release */ = {
			isa = XCBuildConfiguration;
			buildSettings = {
				ALWAYS_EMBED_SWIFT_STANDARD_LIBRARIES = YES;
				BUNDLE_LOADER = "$(TEST_HOST)";
				CODE_SIGN_STYLE = Automatic;
				CURRENT_PROJECT_VERSION = 1;
				DEVELOPMENT_TEAM = B453P7YJ2S;
				GENERATE_INFOPLIST_FILE = YES;
				IPHONEOS_DEPLOYMENT_TARGET = 15.4;
				MARKETING_VERSION = 1.0;
				PRODUCT_BUNDLE_IDENTIFIER = Locus.HubbleTests;
				PRODUCT_NAME = "$(TARGET_NAME)";
				SWIFT_EMIT_LOC_STRINGS = NO;
				SWIFT_VERSION = 5.0;
				TARGETED_DEVICE_FAMILY = "1,2";
				TEST_HOST = "$(BUILT_PRODUCTS_DIR)/Hubble.app/Hubble";
			};
			name = Release;
		};
		7C05DC3E280B7FE8005E02B6 /* Debug */ = {
			isa = XCBuildConfiguration;
			buildSettings = {
				ALWAYS_EMBED_SWIFT_STANDARD_LIBRARIES = YES;
				CODE_SIGN_STYLE = Automatic;
				CURRENT_PROJECT_VERSION = 1;
				DEVELOPMENT_TEAM = B453P7YJ2S;
				GENERATE_INFOPLIST_FILE = YES;
				MARKETING_VERSION = 1.0;
				PRODUCT_BUNDLE_IDENTIFIER = Locus.HubbleUITests;
				PRODUCT_NAME = "$(TARGET_NAME)";
				SWIFT_EMIT_LOC_STRINGS = NO;
				SWIFT_VERSION = 5.0;
				TARGETED_DEVICE_FAMILY = "1,2";
				TEST_TARGET_NAME = Hubble;
			};
			name = Debug;
		};
		7C05DC3F280B7FE8005E02B6 /* Release */ = {
			isa = XCBuildConfiguration;
			buildSettings = {
				ALWAYS_EMBED_SWIFT_STANDARD_LIBRARIES = YES;
				CODE_SIGN_STYLE = Automatic;
				CURRENT_PROJECT_VERSION = 1;
				DEVELOPMENT_TEAM = B453P7YJ2S;
				GENERATE_INFOPLIST_FILE = YES;
				MARKETING_VERSION = 1.0;
				PRODUCT_BUNDLE_IDENTIFIER = Locus.HubbleUITests;
				PRODUCT_NAME = "$(TARGET_NAME)";
				SWIFT_EMIT_LOC_STRINGS = NO;
				SWIFT_VERSION = 5.0;
				TARGETED_DEVICE_FAMILY = "1,2";
				TEST_TARGET_NAME = Hubble;
			};
			name = Release;
		};
/* End XCBuildConfiguration section */

/* Begin XCConfigurationList section */
		7C05DC0E280B7FE2005E02B6 /* Build configuration list for PBXProject "Hubble" */ = {
			isa = XCConfigurationList;
			buildConfigurations = (
				7C05DC35280B7FE8005E02B6 /* Debug */,
				7C05DC36280B7FE8005E02B6 /* Release */,
			);
			defaultConfigurationIsVisible = 0;
			defaultConfigurationName = Release;
		};
		7C05DC37280B7FE8005E02B6 /* Build configuration list for PBXNativeTarget "Hubble" */ = {
			isa = XCConfigurationList;
			buildConfigurations = (
				7C05DC38280B7FE8005E02B6 /* Debug */,
				7C05DC39280B7FE8005E02B6 /* Release */,
			);
			defaultConfigurationIsVisible = 0;
			defaultConfigurationName = Release;
		};
		7C05DC3A280B7FE8005E02B6 /* Build configuration list for PBXNativeTarget "HubbleTests" */ = {
			isa = XCConfigurationList;
			buildConfigurations = (
				7C05DC3B280B7FE8005E02B6 /* Debug */,
				7C05DC3C280B7FE8005E02B6 /* Release */,
			);
			defaultConfigurationIsVisible = 0;
			defaultConfigurationName = Release;
		};
		7C05DC3D280B7FE8005E02B6 /* Build configuration list for PBXNativeTarget "HubbleUITests" */ = {
			isa = XCConfigurationList;
			buildConfigurations = (
				7C05DC3E280B7FE8005E02B6 /* Debug */,
				7C05DC3F280B7FE8005E02B6 /* Release */,
			);
			defaultConfigurationIsVisible = 0;
			defaultConfigurationName = Release;
		};
/* End XCConfigurationList section */
	};
	rootObject = 7C05DC0B280B7FE2005E02B6 /* Project object */;
}
